// !$*UTF8*$!
{
	archiveVersion = 1;
	classes = {
	};
	objectVersion = 46;
	objects = {

/* Begin PBXBuildFile section */
		64DBC9C91D265A86007B0990 /* AppDelegate.swift in Sources */ = {isa = PBXBuildFile; fileRef = 64DBC9C81D265A86007B0990 /* AppDelegate.swift */; };
		64DBC9CB1D265A86007B0990 /* ViewController.swift in Sources */ = {isa = PBXBuildFile; fileRef = 64DBC9CA1D265A86007B0990 /* ViewController.swift */; };
		64DBC9CE1D265A86007B0990 /* Main.storyboard in Resources */ = {isa = PBXBuildFile; fileRef = 64DBC9CC1D265A86007B0990 /* Main.storyboard */; };
		64DBC9D01D265A86007B0990 /* Assets.xcassets in Resources */ = {isa = PBXBuildFile; fileRef = 64DBC9CF1D265A86007B0990 /* Assets.xcassets */; };
		64DBC9D31D265A86007B0990 /* LaunchScreen.storyboard in Resources */ = {isa = PBXBuildFile; fileRef = 64DBC9D11D265A86007B0990 /* LaunchScreen.storyboard */; };
		64DBC9DE1D265A86007B0990 /* txlTests.swift in Sources */ = {isa = PBXBuildFile; fileRef = 64DBC9DD1D265A86007B0990 /* txlTests.swift */; };
		64DBC9E91D265A86007B0990 /* txlUITests.swift in Sources */ = {isa = PBXBuildFile; fileRef = 64DBC9E81D265A86007B0990 /* txlUITests.swift */; };
/* End PBXBuildFile section */

/* Begin PBXContainerItemProxy section */
		64DBC9DA1D265A86007B0990 /* PBXContainerItemProxy */ = {
			isa = PBXContainerItemProxy;
			containerPortal = 64DBC9BD1D265A86007B0990 /* Project object */;
			proxyType = 1;
			remoteGlobalIDString = 64DBC9C41D265A86007B0990;
			remoteInfo = txl;
		};
		64DBC9E51D265A86007B0990 /* PBXContainerItemProxy */ = {
			isa = PBXContainerItemProxy;
			containerPortal = 64DBC9BD1D265A86007B0990 /* Project object */;
			proxyType = 1;
			remoteGlobalIDString = 64DBC9C41D265A86007B0990;
			remoteInfo = txl;
		};
/* End PBXContainerItemProxy section */

/* Begin PBXFileReference section */
		64DBC9C51D265A86007B0990 /* txl.app */ = {isa = PBXFileReference; explicitFileType = wrapper.application; includeInIndex = 0; path = txl.app; sourceTree = BUILT_PRODUCTS_DIR; };
		64DBC9C81D265A86007B0990 /* AppDelegate.swift */ = {isa = PBXFileReference; lastKnownFileType = sourcecode.swift; path = AppDelegate.swift; sourceTree = "<group>"; };
		64DBC9CA1D265A86007B0990 /* ViewController.swift */ = {isa = PBXFileReference; lastKnownFileType = sourcecode.swift; path = ViewController.swift; sourceTree = "<group>"; };
		64DBC9CD1D265A86007B0990 /* Base */ = {isa = PBXFileReference; lastKnownFileType = file.storyboard; name = Base; path = Base.lproj/Main.storyboard; sourceTree = "<group>"; };
		64DBC9CF1D265A86007B0990 /* Assets.xcassets */ = {isa = PBXFileReference; lastKnownFileType = folder.assetcatalog; path = Assets.xcassets; sourceTree = "<group>"; };
		64DBC9D21D265A86007B0990 /* Base */ = {isa = PBXFileReference; lastKnownFileType = file.storyboard; name = Base; path = Base.lproj/LaunchScreen.storyboard; sourceTree = "<group>"; };
		64DBC9D41D265A86007B0990 /* Info.plist */ = {isa = PBXFileReference; lastKnownFileType = text.plist.xml; path = Info.plist; sourceTree = "<group>"; };
		64DBC9D91D265A86007B0990 /* txlTests.xctest */ = {isa = PBXFileReference; explicitFileType = wrapper.cfbundle; includeInIndex = 0; path = txlTests.xctest; sourceTree = BUILT_PRODUCTS_DIR; };
		64DBC9DD1D265A86007B0990 /* txlTests.swift */ = {isa = PBXFileReference; lastKnownFileType = sourcecode.swift; path = txlTests.swift; sourceTree = "<group>"; };
		64DBC9DF1D265A86007B0990 /* Info.plist */ = {isa = PBXFileReference; lastKnownFileType = text.plist.xml; path = Info.plist; sourceTree = "<group>"; };
		64DBC9E41D265A86007B0990 /* txlUITests.xctest */ = {isa = PBXFileReference; explicitFileType = wrapper.cfbundle; includeInIndex = 0; path = txlUITests.xctest; sourceTree = BUILT_PRODUCTS_DIR; };
		64DBC9E81D265A86007B0990 /* txlUITests.swift */ = {isa = PBXFileReference; lastKnownFileType = sourcecode.swift; path = txlUITests.swift; sourceTree = "<group>"; };
		64DBC9EA1D265A86007B0990 /* Info.plist */ = {isa = PBXFileReference; lastKnownFileType = text.plist.xml; path = Info.plist; sourceTree = "<group>"; };
/* End PBXFileReference section */

/* Begin PBXFrameworksBuildPhase section */
		64DBC9C21D265A86007B0990 /* Frameworks */ = {
			isa = PBXFrameworksBuildPhase;
			buildActionMask = 2147483647;
			files = (
			);
			runOnlyForDeploymentPostprocessing = 0;
		};
		64DBC9D61D265A86007B0990 /* Frameworks */ = {
			isa = PBXFrameworksBuildPhase;
			buildActionMask = 2147483647;
			files = (
			);
			runOnlyForDeploymentPostprocessing = 0;
		};
		64DBC9E11D265A86007B0990 /* Frameworks */ = {
			isa = PBXFrameworksBuildPhase;
			buildActionMask = 2147483647;
			files = (
			);
			runOnlyForDeploymentPostprocessing = 0;
		};
/* End PBXFrameworksBuildPhase section */

/* Begin PBXGroup section */
		64DBC9BC1D265A86007B0990 = {
			isa = PBXGroup;
			children = (
				64DBC9C71D265A86007B0990 /* txl */,
				64DBC9DC1D265A86007B0990 /* txlTests */,
				64DBC9E71D265A86007B0990 /* txlUITests */,
				64DBC9C61D265A86007B0990 /* Products */,
			);
			sourceTree = "<group>";
		};
		64DBC9C61D265A86007B0990 /* Products */ = {
			isa = PBXGroup;
			children = (
				64DBC9C51D265A86007B0990 /* txl.app */,
				64DBC9D91D265A86007B0990 /* txlTests.xctest */,
				64DBC9E41D265A86007B0990 /* txlUITests.xctest */,
			);
			name = Products;
			sourceTree = "<group>";
		};
		64DBC9C71D265A86007B0990 /* txl */ = {
			isa = PBXGroup;
			children = (
				64DBC9C81D265A86007B0990 /* AppDelegate.swift */,
				64DBC9CA1D265A86007B0990 /* ViewController.swift */,
				64DBC9CC1D265A86007B0990 /* Main.storyboard */,
				64DBC9CF1D265A86007B0990 /* Assets.xcassets */,
				64DBC9D11D265A86007B0990 /* LaunchScreen.storyboard */,
				64DBC9D41D265A86007B0990 /* Info.plist */,
			);
			path = txl;
			sourceTree = "<group>";
		};
		64DBC9DC1D265A86007B0990 /* txlTests */ = {
			isa = PBXGroup;
			children = (
				64DBC9DD1D265A86007B0990 /* txlTests.swift */,
				64DBC9DF1D265A86007B0990 /* Info.plist */,
			);
			path = txlTests;
			sourceTree = "<group>";
		};
		64DBC9E71D265A86007B0990 /* txlUITests */ = {
			isa = PBXGroup;
			children = (
				64DBC9E81D265A86007B0990 /* txlUITests.swift */,
				64DBC9EA1D265A86007B0990 /* Info.plist */,
			);
			path = txlUITests;
			sourceTree = "<group>";
		};
/* End PBXGroup section */

/* Begin PBXNativeTarget section */
		64DBC9C41D265A86007B0990 /* txl */ = {
			isa = PBXNativeTarget;
			buildConfigurationList = 64DBC9ED1D265A86007B0990 /* Build configuration list for PBXNativeTarget "txl" */;
			buildPhases = (
				64DBC9C11D265A86007B0990 /* Sources */,
				64DBC9C21D265A86007B0990 /* Frameworks */,
				64DBC9C31D265A86007B0990 /* Resources */,
			);
			buildRules = (
			);
			dependencies = (
			);
			name = txl;
			productName = txl;
			productReference = 64DBC9C51D265A86007B0990 /* txl.app */;
			productType = "com.apple.product-type.application";
		};
		64DBC9D81D265A86007B0990 /* txlTests */ = {
			isa = PBXNativeTarget;
			buildConfigurationList = 64DBC9F01D265A86007B0990 /* Build configuration list for PBXNativeTarget "txlTests" */;
			buildPhases = (
				64DBC9D51D265A86007B0990 /* Sources */,
				64DBC9D61D265A86007B0990 /* Frameworks */,
				64DBC9D71D265A86007B0990 /* Resources */,
			);
			buildRules = (
			);
			dependencies = (
				64DBC9DB1D265A86007B0990 /* PBXTargetDependency */,
			);
			name = txlTests;
			productName = txlTests;
			productReference = 64DBC9D91D265A86007B0990 /* txlTests.xctest */;
			productType = "com.apple.product-type.bundle.unit-test";
		};
		64DBC9E31D265A86007B0990 /* txlUITests */ = {
			isa = PBXNativeTarget;
			buildConfigurationList = 64DBC9F31D265A86007B0990 /* Build configuration list for PBXNativeTarget "txlUITests" */;
			buildPhases = (
				64DBC9E01D265A86007B0990 /* Sources */,
				64DBC9E11D265A86007B0990 /* Frameworks */,
				64DBC9E21D265A86007B0990 /* Resources */,
			);
			buildRules = (
			);
			dependencies = (
				64DBC9E61D265A86007B0990 /* PBXTargetDependency */,
			);
			name = txlUITests;
			productName = txlUITests;
			productReference = 64DBC9E41D265A86007B0990 /* txlUITests.xctest */;
			productType = "com.apple.product-type.bundle.ui-testing";
		};
/* End PBXNativeTarget section */

/* Begin PBXProject section */
		64DBC9BD1D265A86007B0990 /* Project object */ = {
			isa = PBXProject;
			attributes = {
				LastSwiftUpdateCheck = 0710;
				LastUpgradeCheck = 0710;
				ORGANIZATIONNAME = yuan;
				TargetAttributes = {
					64DBC9C41D265A86007B0990 = {
						CreatedOnToolsVersion = 7.1;
					};
					64DBC9D81D265A86007B0990 = {
						CreatedOnToolsVersion = 7.1;
						TestTargetID = 64DBC9C41D265A86007B0990;
					};
					64DBC9E31D265A86007B0990 = {
						CreatedOnToolsVersion = 7.1;
						TestTargetID = 64DBC9C41D265A86007B0990;
					};
				};
			};
			buildConfigurationList = 64DBC9C01D265A86007B0990 /* Build configuration list for PBXProject "txl" */;
			compatibilityVersion = "Xcode 3.2";
			developmentRegion = English;
			hasScannedForEncodings = 0;
			knownRegions = (
				en,
				Base,
			);
			mainGroup = 64DBC9BC1D265A86007B0990;
			productRefGroup = 64DBC9C61D265A86007B0990 /* Products */;
			projectDirPath = "";
			projectRoot = "";
			targets = (
				64DBC9C41D265A86007B0990 /* txl */,
				64DBC9D81D265A86007B0990 /* txlTests */,
				64DBC9E31D265A86007B0990 /* txlUITests */,
			);
		};
/* End PBXProject section */

/* Begin PBXResourcesBuildPhase section */
		64DBC9C31D265A86007B0990 /* Resources */ = {
			isa = PBXResourcesBuildPhase;
			buildActionMask = 2147483647;
			files = (
				64DBC9D31D265A86007B0990 /* LaunchScreen.storyboard in Resources */,
				64DBC9D01D265A86007B0990 /* Assets.xcassets in Resources */,
				64DBC9CE1D265A86007B0990 /* Main.storyboard in Resources */,
			);
			runOnlyForDeploymentPostprocessing = 0;
		};
		64DBC9D71D265A86007B0990 /* Resources */ = {
			isa = PBXResourcesBuildPhase;
			buildActionMask = 2147483647;
			files = (
			);
			runOnlyForDeploymentPostprocessing = 0;
		};
		64DBC9E21D265A86007B0990 /* Resources */ = {
			isa = PBXResourcesBuildPhase;
			buildActionMask = 2147483647;
			files = (
			);
			runOnlyForDeploymentPostprocessing = 0;
		};
/* End PBXResourcesBuildPhase section */

/* Begin PBXSourcesBuildPhase section */
		64DBC9C11D265A86007B0990 /* Sources */ = {
			isa = PBXSourcesBuildPhase;
			buildActionMask = 2147483647;
			files = (
				64DBC9CB1D265A86007B0990 /* ViewController.swift in Sources */,
				64DBC9C91D265A86007B0990 /* AppDelegate.swift in Sources */,
			);
			runOnlyForDeploymentPostprocessing = 0;
		};
		64DBC9D51D265A86007B0990 /* Sources */ = {
			isa = PBXSourcesBuildPhase;
			buildActionMask = 2147483647;
			files = (
				64DBC9DE1D265A86007B0990 /* txlTests.swift in Sources */,
			);
			runOnlyForDeploymentPostprocessing = 0;
		};
		64DBC9E01D265A86007B0990 /* Sources */ = {
			isa = PBXSourcesBuildPhase;
			buildActionMask = 2147483647;
			files = (
				64DBC9E91D265A86007B0990 /* txlUITests.swift in Sources */,
			);
			runOnlyForDeploymentPostprocessing = 0;
		};
/* End PBXSourcesBuildPhase section */

/* Begin PBXTargetDependency section */
		64DBC9DB1D265A86007B0990 /* PBXTargetDependency */ = {
			isa = PBXTargetDependency;
			target = 64DBC9C41D265A86007B0990 /* txl */;
			targetProxy = 64DBC9DA1D265A86007B0990 /* PBXContainerItemProxy */;
		};
		64DBC9E61D265A86007B0990 /* PBXTargetDependency */ = {
			isa = PBXTargetDependency;
			target = 64DBC9C41D265A86007B0990 /* txl */;
			targetProxy = 64DBC9E51D265A86007B0990 /* PBXContainerItemProxy */;
		};
/* End PBXTargetDependency section */

/* Begin PBXVariantGroup section */
		64DBC9CC1D265A86007B0990 /* Main.storyboard */ = {
			isa = PBXVariantGroup;
			children = (
				64DBC9CD1D265A86007B0990 /* Base */,
			);
			name = Main.storyboard;
			sourceTree = "<group>";
		};
		64DBC9D11D265A86007B0990 /* LaunchScreen.storyboard */ = {
			isa = PBXVariantGroup;
			children = (
				64DBC9D21D265A86007B0990 /* Base */,
			);
			name = LaunchScreen.storyboard;
			sourceTree = "<group>";
		};
/* End PBXVariantGroup section */

/* Begin XCBuildConfiguration section */
		64DBC9EB1D265A86007B0990 /* Debug */ = {
			isa = XCBuildConfiguration;
			buildSettings = {
				ALWAYS_SEARCH_USER_PATHS = NO;
				CLANG_CXX_LANGUAGE_STANDARD = "gnu++0x";
				CLANG_CXX_LIBRARY = "libc++";
				CLANG_ENABLE_MODULES = YES;
				CLANG_ENABLE_OBJC_ARC = YES;
				CLANG_WARN_BOOL_CONVERSION = YES;
				CLANG_WARN_CONSTANT_CONVERSION = YES;
				CLANG_WARN_DIRECT_OBJC_ISA_USAGE = YES_ERROR;
				CLANG_WARN_EMPTY_BODY = YES;
				CLANG_WARN_ENUM_CONVERSION = YES;
				CLANG_WARN_INT_CONVERSION = YES;
				CLANG_WARN_OBJC_ROOT_CLASS = YES_ERROR;
				CLANG_WARN_UNREACHABLE_CODE = YES;
				CLANG_WARN__DUPLICATE_METHOD_MATCH = YES;
				"CODE_SIGN_IDENTITY[sdk=iphoneos*]" = "iPhone Developer";
				COPY_PHASE_STRIP = NO;
				DEBUG_INFORMATION_FORMAT = dwarf;
				ENABLE_STRICT_OBJC_MSGSEND = YES;
				ENABLE_TESTABILITY = YES;
				GCC_C_LANGUAGE_STANDARD = gnu99;
				GCC_DYNAMIC_NO_PIC = NO;
				GCC_NO_COMMON_BLOCKS = YES;
				GCC_OPTIMIZATION_LEVEL = 0;
				GCC_PREPROCESSOR_DEFINITIONS = (
					"DEBUG=1",
					"$(inherited)",
				);
				GCC_WARN_64_TO_32_BIT_CONVERSION = YES;
				GCC_WARN_ABOUT_RETURN_TYPE = YES_ERROR;
				GCC_WARN_UNDECLARED_SELECTOR = YES;
				GCC_WARN_UNINITIALIZED_AUTOS = YES_AGGRESSIVE;
				GCC_WARN_UNUSED_FUNCTION = YES;
				GCC_WARN_UNUSED_VARIABLE = YES;
				IPHONEOS_DEPLOYMENT_TARGET = 9.1;
				MTL_ENABLE_DEBUG_INFO = YES;
				ONLY_ACTIVE_ARCH = YES;
				SDKROOT = iphoneos;
				SWIFT_OPTIMIZATION_LEVEL = "-Onone";
				TARGETED_DEVICE_FAMILY = "1,2";
			};
			name = Debug;
		};
		64DBC9EC1D265A86007B0990 /* Release */ = {
			isa = XCBuildConfiguration;
			buildSettings = {
				ALWAYS_SEARCH_USER_PATHS = NO;
				CLANG_CXX_LANGUAGE_STANDARD = "gnu++0x";
				CLANG_CXX_LIBRARY = "libc++";
				CLANG_ENABLE_MODULES = YES;
				CLANG_ENABLE_OBJC_ARC = YES;
				CLANG_WARN_BOOL_CONVERSION = YES;
				CLANG_WARN_CONSTANT_CONVERSION = YES;
				CLANG_WARN_DIRECT_OBJC_ISA_USAGE = YES_ERROR;
				CLANG_WARN_EMPTY_BODY = YES;
				CLANG_WARN_ENUM_CONVERSION = YES;
				CLANG_WARN_INT_CONVERSION = YES;
				CLANG_WARN_OBJC_ROOT_CLASS = YES_ERROR;
				CLANG_WARN_UNREACHABLE_CODE = YES;
				CLANG_WARN__DUPLICATE_METHOD_MATCH = YES;
				"CODE_SIGN_IDENTITY[sdk=iphoneos*]" = "iPhone Developer";
				COPY_PHASE_STRIP = NO;
				DEBUG_INFORMATION_FORMAT = "dwarf-with-dsym";
				ENABLE_NS_ASSERTIONS = NO;
				ENABLE_STRICT_OBJC_MSGSEND = YES;
				GCC_C_LANGUAGE_STANDARD = gnu99;
				GCC_NO_COMMON_BLOCKS = YES;
				GCC_WARN_64_TO_32_BIT_CONVERSION = YES;
				GCC_WARN_ABOUT_RETURN_TYPE = YES_ERROR;
				GCC_WARN_UNDECLARED_SELECTOR = YES;
				GCC_WARN_UNINITIALIZED_AUTOS = YES_AGGRESSIVE;
				GCC_WARN_UNUSED_FUNCTION = YES;
				GCC_WARN_UNUSED_VARIABLE = YES;
				IPHONEOS_DEPLOYMENT_TARGET = 9.1;
				MTL_ENABLE_DEBUG_INFO = NO;
				SDKROOT = iphoneos;
				TARGETED_DEVICE_FAMILY = "1,2";
				VALIDATE_PRODUCT = YES;
			};
			name = Release;
		};
		64DBC9EE1D265A86007B0990 /* Debug */ = {
			isa = XCBuildConfiguration;
			buildSettings = {
				ASSETCATALOG_COMPILER_APPICON_NAME = AppIcon;
				INFOPLIST_FILE = txl/Info.plist;
				LD_RUNPATH_SEARCH_PATHS = "$(inherited) @executable_path/Frameworks";
				PRODUCT_BUNDLE_IDENTIFIER = szy.txl;
				PRODUCT_NAME = "$(TARGET_NAME)";
			};
			name = Debug;
		};
		64DBC9EF1D265A86007B0990 /* Release */ = {
			isa = XCBuildConfiguration;
			buildSettings = {
				ASSETCATALOG_COMPILER_APPICON_NAME = AppIcon;
				INFOPLIST_FILE = txl/Info.plist;
				LD_RUNPATH_SEARCH_PATHS = "$(inherited) @executable_path/Frameworks";
				PRODUCT_BUNDLE_IDENTIFIER = szy.txl;
				PRODUCT_NAME = "$(TARGET_NAME)";
			};
			name = Release;
		};
		64DBC9F11D265A86007B0990 /* Debug */ = {
			isa = XCBuildConfiguration;
			buildSettings = {
				BUNDLE_LOADER = "$(TEST_HOST)";
				INFOPLIST_FILE = txlTests/Info.plist;
				LD_RUNPATH_SEARCH_PATHS = "$(inherited) @executable_path/Frameworks @loader_path/Frameworks";
				PRODUCT_BUNDLE_IDENTIFIER = szy.txlTests;
				PRODUCT_NAME = "$(TARGET_NAME)";
				TEST_HOST = "$(BUILT_PRODUCTS_DIR)/txl.app/txl";
			};
			name = Debug;
		};
		64DBC9F21D265A86007B0990 /* Release */ = {
			isa = XCBuildConfiguration;
			buildSettings = {
				BUNDLE_LOADER = "$(TEST_HOST)";
				INFOPLIST_FILE = txlTests/Info.plist;
				LD_RUNPATH_SEARCH_PATHS = "$(inherited) @executable_path/Frameworks @loader_path/Frameworks";
				PRODUCT_BUNDLE_IDENTIFIER = szy.txlTests;
				PRODUCT_NAME = "$(TARGET_NAME)";
				TEST_HOST = "$(BUILT_PRODUCTS_DIR)/txl.app/txl";
			};
			name = Release;
		};
		64DBC9F41D265A86007B0990 /* Debug */ = {
			isa = XCBuildConfiguration;
			buildSettings = {
				INFOPLIST_FILE = txlUITests/Info.plist;
				LD_RUNPATH_SEARCH_PATHS = "$(inherited) @executable_path/Frameworks @loader_path/Frameworks";
				PRODUCT_BUNDLE_IDENTIFIER = szy.txlUITests;
				PRODUCT_NAME = "$(TARGET_NAME)";
				TEST_TARGET_NAME = txl;
				USES_XCTRUNNER = YES;
			};
			name = Debug;
		};
		64DBC9F51D265A86007B0990 /* Release */ = {
			isa = XCBuildConfiguration;
			buildSettings = {
				INFOPLIST_FILE = txlUITests/Info.plist;
				LD_RUNPATH_SEARCH_PATHS = "$(inherited) @executable_path/Frameworks @loader_path/Frameworks";
				PRODUCT_BUNDLE_IDENTIFIER = szy.txlUITests;
				PRODUCT_NAME = "$(TARGET_NAME)";
				TEST_TARGET_NAME = txl;
				USES_XCTRUNNER = YES;
			};
			name = Release;
		};
/* End XCBuildConfiguration section */

/* Begin XCConfigurationList section */
		64DBC9C01D265A86007B0990 /* Build configuration list for PBXProject "txl" */ = {
			isa = XCConfigurationList;
			buildConfigurations = (
				64DBC9EB1D265A86007B0990 /* Debug */,
				64DBC9EC1D265A86007B0990 /* Release */,
			);
			defaultConfigurationIsVisible = 0;
			defaultConfigurationName = Release;
		};
		64DBC9ED1D265A86007B0990 /* Build configuration list for PBXNativeTarget "txl" */ = {
			isa = XCConfigurationList;
			buildConfigurations = (
				64DBC9EE1D265A86007B0990 /* Debug */,
				64DBC9EF1D265A86007B0990 /* Release */,
			);
			defaultConfigurationIsVisible = 0;
		};
		64DBC9F01D265A86007B0990 /* Build configuration list for PBXNativeTarget "txlTests" */ = {
			isa = XCConfigurationList;
			buildConfigurations = (
				64DBC9F11D265A86007B0990 /* Debug */,
				64DBC9F21D265A86007B0990 /* Release */,
			);
			defaultConfigurationIsVisible = 0;
		};
		64DBC9F31D265A86007B0990 /* Build configuration list for PBXNativeTarget "txlUITests" */ = {
			isa = XCConfigurationList;
			buildConfigurations = (
				64DBC9F41D265A86007B0990 /* Debug */,
				64DBC9F51D265A86007B0990 /* Release */,
			);
			defaultConfigurationIsVisible = 0;
		};
/* End XCConfigurationList section */
	};
	rootObject = 64DBC9BD1D265A86007B0990 /* Project object */;
}
